
Microsoft Visual Studio Solution File, Format Version 12.00
# Visual Studio 15
Project("{FAE04EC0-301F-11D3-BF4B-00C04F79EFBC}") = "Unity.RenderPipelines.Universal.Runtime", "Unity.RenderPipelines.Universal.Runtime.csproj", "{E9492795-5057-64BC-5624-1DDFDD12CE9D}"
EndProject
Project("{FAE04EC0-301F-11D3-BF4B-00C04F79EFBC}") = "UnityEngine.TestRunner", "UnityEngine.TestRunner.csproj", "{281B7C96-C70A-81F7-A386-3BE113634CF0}"
EndProject
Project("{FAE04EC0-301F-11D3-BF4B-00C04F79EFBC}") = "Unity.TextMeshPro", "Unity.TextMeshPro.csproj", "{48D7DBE4-A3C2-F56E-1E56-3211CAAFC808}"
EndProject
Project("{FAE04EC0-301F-11D3-BF4B-00C04F79EFBC}") = "Unity.Timeline", "Unity.Timeline.csproj", "{F2DA98D3-C722-85F0-6613-BA4DA12C57E0}"
EndProject
Project("{FAE04EC0-301F-11D3-BF4B-00C04F79EFBC}") = "Unity.RenderPipelines.Core.Runtime", "Unity.RenderPipelines.Core.Runtime.csproj", "{54CF96C8-CA52-AD0E-42F8-204463C17097}"
EndProject
Project("{FAE04EC0-301F-11D3-BF4B-00C04F79EFBC}") = "Assembly-CSharp", "Assembly-CSharp.csproj", "{9A804367-AED6-4247-22D0-E98551483E44}"
EndProject
Project("{FAE04EC0-301F-11D3-BF4B-00C04F79EFBC}") = "Unity.RenderPipelines.ShaderGraph.ShaderGraphLibrary", "Unity.RenderPipelines.ShaderGraph.ShaderGraphLibrary.csproj", "{8BA2C43B-116C-664F-EAD7-67EE2596DAC0}"
EndProject
Project("{FAE04EC0-301F-11D3-BF4B-00C04F79EFBC}") = "Unity.RenderPipeline.Universal.ShaderLibrary", "Unity.RenderPipeline.Universal.ShaderLibrary.csproj", "{3AE086C2-8965-568D-3AF3-046075A49CC2}"
EndProject
Project("{FAE04EC0-301F-11D3-BF4B-00C04F79EFBC}") = "Unity.RenderPipelines.Core.ShaderLibrary", "Unity.RenderPipelines.Core.ShaderLibrary.csproj", "{AAFE1B5F-4FFC-B34C-DE61-7019D1130432}"
EndProject
Project("{FAE04EC0-301F-11D3-BF4B-00C04F79EFBC}") = "Unity.RenderPipelines.Universal.Shaders", "Unity.RenderPipelines.Universal.Shaders.csproj", "{4013BFE1-BAF0-6BE8-0384-15AEF0F2FF9D}"
EndProject
Project("{FAE04EC0-301F-11D3-BF4B-00C04F79EFBC}") = "Unity.ShaderGraph.Editor", "Unity.ShaderGraph.Editor.csproj", "{B3A5CD6C-2E43-0CA3-126D-49E1026356EF}"
EndProject
Project("{FAE04EC0-301F-11D3-BF4B-00C04F79EFBC}") = "Unity.TextMeshPro.Editor", "Unity.TextMeshPro.Editor.csproj", "{F96DF8FC-CB9E-D6ED-295E-148A9CFD2D36}"
EndProject
Project("{FAE04EC0-301F-11D3-BF4B-00C04F79EFBC}") = "Unity.Timeline.Editor", "Unity.Timeline.Editor.csproj", "{EBD33CDE-4DF3-33E0-C04B-C4BE67D1858D}"
EndProject
Project("{FAE04EC0-301F-11D3-BF4B-00C04F79EFBC}") = "UnityEditor.TestRunner", "UnityEditor.TestRunner.csproj", "{B5677856-DE49-AB8C-68FD-5A9F5D54B03E}"
EndProject
Project("{FAE04EC0-301F-11D3-BF4B-00C04F79EFBC}") = "Unity.RenderPipelines.Universal.Editor", "Unity.RenderPipelines.Universal.Editor.csproj", "{D89BBD63-FC35-2BD0-E4E8-FEB24BDCE4E0}"
EndProject
Project("{FAE04EC0-301F-11D3-BF4B-00C04F79EFBC}") = "Unity.Rider.Editor", "Unity.Rider.Editor.csproj", "{3A8EA317-E211-030D-5F0F-1A30CFD3A292}"
EndProject
Project("{FAE04EC0-301F-11D3-BF4B-00C04F79EFBC}") = "Unity.RenderPipelines.Core.Editor", "Unity.RenderPipelines.Core.Editor.csproj", "{A709E548-A996-3312-FAC2-44492035E75D}"
EndProject
Project("{FAE04EC0-301F-11D3-BF4B-00C04F79EFBC}") = "Unity.CollabProxy.Editor", "Unity.CollabProxy.Editor.csproj", "{807C447C-4DC8-EF5B-429B-B9E0ACFA6B61}"
EndProject
Project("{FAE04EC0-301F-11D3-BF4B-00C04F79EFBC}") = "Unity.VSCode.Editor", "Unity.VSCode.Editor.csproj", "{3FEA1F81-8D2E-391F-545F-FE6BB78AA133}"
EndProject
Project("{FAE04EC0-301F-11D3-BF4B-00C04F79EFBC}") = "Unity.ShaderGraph.Utilities", "Unity.ShaderGraph.Utilities.csproj", "{C54406E3-511E-D587-3B99-E7EA4D3B5FEF}"
EndProject
Project("{FAE04EC0-301F-11D3-BF4B-00C04F79EFBC}") = "Assembly-CSharp-Editor", "Assembly-CSharp-Editor.csproj", "{F34A3BD4-EB9D-BECB-D5F8-259A2DF7AF6A}"
EndProject
Global
	GlobalSection(SolutionConfigurationPlatforms) = preSolution
		Debug|Any CPU = Debug|Any CPU
		Release|Any CPU = Release|Any CPU
	EndGlobalSection
	GlobalSection(ProjectConfigurationPlatforms) = postSolution
		{E9492795-5057-64BC-5624-1DDFDD12CE9D}.Debug|Any CPU.ActiveCfg = Debug|Any CPU
		{E9492795-5057-64BC-5624-1DDFDD12CE9D}.Debug|Any CPU.Build.0 = Debug|Any CPU
		{E9492795-5057-64BC-5624-1DDFDD12CE9D}.Release|Any CPU.ActiveCfg = Release|Any CPU
		{E9492795-5057-64BC-5624-1DDFDD12CE9D}.Release|Any CPU.Build.0 = Release|Any CPU
		{281B7C96-C70A-81F7-A386-3BE113634CF0}.Debug|Any CPU.ActiveCfg = Debug|Any CPU
		{281B7C96-C70A-81F7-A386-3BE113634CF0}.Debug|Any CPU.Build.0 = Debug|Any CPU
		{281B7C96-C70A-81F7-A386-3BE113634CF0}.Release|Any CPU.ActiveCfg = Release|Any CPU
		{281B7C96-C70A-81F7-A386-3BE113634CF0}.Release|Any CPU.Build.0 = Release|Any CPU
		{48D7DBE4-A3C2-F56E-1E56-3211CAAFC808}.Debug|Any CPU.ActiveCfg = Debug|Any CPU
		{48D7DBE4-A3C2-F56E-1E56-3211CAAFC808}.Debug|Any CPU.Build.0 = Debug|Any CPU
		{48D7DBE4-A3C2-F56E-1E56-3211CAAFC808}.Release|Any CPU.ActiveCfg = Release|Any CPU
		{48D7DBE4-A3C2-F56E-1E56-3211CAAFC808}.Release|Any CPU.Build.0 = Release|Any CPU
		{F2DA98D3-C722-85F0-6613-BA4DA12C57E0}.Debug|Any CPU.ActiveCfg = Debug|Any CPU
		{F2DA98D3-C722-85F0-6613-BA4DA12C57E0}.Debug|Any CPU.Build.0 = Debug|Any CPU
		{F2DA98D3-C722-85F0-6613-BA4DA12C57E0}.Release|Any CPU.ActiveCfg = Release|Any CPU
		{F2DA98D3-C722-85F0-6613-BA4DA12C57E0}.Release|Any CPU.Build.0 = Release|Any CPU
		{54CF96C8-CA52-AD0E-42F8-204463C17097}.Debug|Any CPU.ActiveCfg = Debug|Any CPU
		{54CF96C8-CA52-AD0E-42F8-204463C17097}.Debug|Any CPU.Build.0 = Debug|Any CPU
		{54CF96C8-CA52-AD0E-42F8-204463C17097}.Release|Any CPU.ActiveCfg = Release|Any CPU
		{54CF96C8-CA52-AD0E-42F8-204463C17097}.Release|Any CPU.Build.0 = Release|Any CPU
		{9A804367-AED6-4247-22D0-E98551483E44}.Debug|Any CPU.ActiveCfg = Debug|Any CPU
		{9A804367-AED6-4247-22D0-E98551483E44}.Debug|Any CPU.Build.0 = Debug|Any CPU
		{9A804367-AED6-4247-22D0-E98551483E44}.Release|Any CPU.ActiveCfg = Release|Any CPU
		{9A804367-AED6-4247-22D0-E98551483E44}.Release|Any CPU.Build.0 = Release|Any CPU
		{8BA2C43B-116C-664F-EAD7-67EE2596DAC0}.Debug|Any CPU.ActiveCfg = Debug|Any CPU
		{8BA2C43B-116C-664F-EAD7-67EE2596DAC0}.Debug|Any CPU.Build.0 = Debug|Any CPU
		{8BA2C43B-116C-664F-EAD7-67EE2596DAC0}.Release|Any CPU.ActiveCfg = Release|Any CPU
		{8BA2C43B-116C-664F-EAD7-67EE2596DAC0}.Release|Any CPU.Build.0 = Release|Any CPU
		{3AE086C2-8965-568D-3AF3-046075A49CC2}.Debug|Any CPU.ActiveCfg = Debug|Any CPU
		{3AE086C2-8965-568D-3AF3-046075A49CC2}.Debug|Any CPU.Build.0 = Debug|Any CPU
		{3AE086C2-8965-568D-3AF3-046075A49CC2}.Release|Any CPU.ActiveCfg = Release|Any CPU
		{3AE086C2-8965-568D-3AF3-046075A49CC2}.Release|Any CPU.Build.0 = Release|Any CPU
		{AAFE1B5F-4FFC-B34C-DE61-7019D1130432}.Debug|Any CPU.ActiveCfg = Debug|Any CPU
		{AAFE1B5F-4FFC-B34C-DE61-7019D1130432}.Debug|Any CPU.Build.0 = Debug|Any CPU
		{AAFE1B5F-4FFC-B34C-DE61-7019D1130432}.Release|Any CPU.ActiveCfg = Release|Any CPU
		{AAFE1B5F-4FFC-B34C-DE61-7019D1130432}.Release|Any CPU.Build.0 = Release|Any CPU
		{4013BFE1-BAF0-6BE8-0384-15AEF0F2FF9D}.Debug|Any CPU.ActiveCfg = Debug|Any CPU
		{4013BFE1-BAF0-6BE8-0384-15AEF0F2FF9D}.Debug|Any CPU.Build.0 = Debug|Any CPU
		{4013BFE1-BAF0-6BE8-0384-15AEF0F2FF9D}.Release|Any CPU.ActiveCfg = Release|Any CPU
		{4013BFE1-BAF0-6BE8-0384-15AEF0F2FF9D}.Release|Any CPU.Build.0 = Release|Any CPU
		{B3A5CD6C-2E43-0CA3-126D-49E1026356EF}.Debug|Any CPU.ActiveCfg = Debug|Any CPU
		{B3A5CD6C-2E43-0CA3-126D-49E1026356EF}.Debug|Any CPU.Build.0 = Debug|Any CPU
		{B3A5CD6C-2E43-0CA3-126D-49E1026356EF}.Release|Any CPU.ActiveCfg = Release|Any CPU
		{B3A5CD6C-2E43-0CA3-126D-49E1026356EF}.Release|Any CPU.Build.0 = Release|Any CPU
		{F96DF8FC-CB9E-D6ED-295E-148A9CFD2D36}.Debug|Any CPU.ActiveCfg = Debug|Any CPU
		{F96DF8FC-CB9E-D6ED-295E-148A9CFD2D36}.Debug|Any CPU.Build.0 = Debug|Any CPU
		{F96DF8FC-CB9E-D6ED-295E-148A9CFD2D36}.Release|Any CPU.ActiveCfg = Release|Any CPU
		{F96DF8FC-CB9E-D6ED-295E-148A9CFD2D36}.Release|Any CPU.Build.0 = Release|Any CPU
		{EBD33CDE-4DF3-33E0-C04B-C4BE67D1858D}.Debug|Any CPU.ActiveCfg = Debug|Any CPU
		{EBD33CDE-4DF3-33E0-C04B-C4BE67D1858D}.Debug|Any CPU.Build.0 = Debug|Any CPU
		{EBD33CDE-4DF3-33E0-C04B-C4BE67D1858D}.Release|Any CPU.ActiveCfg = Release|Any CPU
		{EBD33CDE-4DF3-33E0-C04B-C4BE67D1858D}.Release|Any CPU.Build.0 = Release|Any CPU
		{B5677856-DE49-AB8C-68FD-5A9F5D54B03E}.Debug|Any CPU.ActiveCfg = Debug|Any CPU
		{B5677856-DE49-AB8C-68FD-5A9F5D54B03E}.Debug|Any CPU.Build.0 = Debug|Any CPU
		{B5677856-DE49-AB8C-68FD-5A9F5D54B03E}.Release|Any CPU.ActiveCfg = Release|Any CPU
		{B5677856-DE49-AB8C-68FD-5A9F5D54B03E}.Release|Any CPU.Build.0 = Release|Any CPU
		{D89BBD63-FC35-2BD0-E4E8-FEB24BDCE4E0}.Debug|Any CPU.ActiveCfg = Debug|Any CPU
		{D89BBD63-FC35-2BD0-E4E8-FEB24BDCE4E0}.Debug|Any CPU.Build.0 = Debug|Any CPU
		{D89BBD63-FC35-2BD0-E4E8-FEB24BDCE4E0}.Release|Any CPU.ActiveCfg = Release|Any CPU
		{D89BBD63-FC35-2BD0-E4E8-FEB24BDCE4E0}.Release|Any CPU.Build.0 = Release|Any CPU
		{3A8EA317-E211-030D-5F0F-1A30CFD3A292}.Debug|Any CPU.ActiveCfg = Debug|Any CPU
		{3A8EA317-E211-030D-5F0F-1A30CFD3A292}.Debug|Any CPU.Build.0 = Debug|Any CPU
		{3A8EA317-E211-030D-5F0F-1A30CFD3A292}.Release|Any CPU.ActiveCfg = Release|Any CPU
		{3A8EA317-E211-030D-5F0F-1A30CFD3A292}.Release|Any CPU.Build.0 = Release|Any CPU
		{A709E548-A996-3312-FAC2-44492035E75D}.Debug|Any CPU.ActiveCfg = Debug|Any CPU
		{A709E548-A996-3312-FAC2-44492035E75D}.Debug|Any CPU.Build.0 = Debug|Any CPU
		{A709E548-A996-3312-FAC2-44492035E75D}.Release|Any CPU.ActiveCfg = Release|Any CPU
		{A709E548-A996-3312-FAC2-44492035E75D}.Release|Any CPU.Build.0 = Release|Any CPU
		{807C447C-4DC8-EF5B-429B-B9E0ACFA6B61}.Debug|Any CPU.ActiveCfg = Debug|Any CPU
		{807C447C-4DC8-EF5B-429B-B9E0ACFA6B61}.Debug|Any CPU.Build.0 = Debug|Any CPU
		{807C447C-4DC8-EF5B-429B-B9E0ACFA6B61}.Release|Any CPU.ActiveCfg = Release|Any CPU
		{807C447C-4DC8-EF5B-429B-B9E0ACFA6B61}.Release|Any CPU.Build.0 = Release|Any CPU
		{3FEA1F81-8D2E-391F-545F-FE6BB78AA133}.Debug|Any CPU.ActiveCfg = Debug|Any CPU
		{3FEA1F81-8D2E-391F-545F-FE6BB78AA133}.Debug|Any CPU.Build.0 = Debug|Any CPU
		{3FEA1F81-8D2E-391F-545F-FE6BB78AA133}.Release|Any CPU.ActiveCfg = Release|Any CPU
		{3FEA1F81-8D2E-391F-545F-FE6BB78AA133}.Release|Any CPU.Build.0 = Release|Any CPU
		{C54406E3-511E-D587-3B99-E7EA4D3B5FEF}.Debug|Any CPU.ActiveCfg = Debug|Any CPU
		{C54406E3-511E-D587-3B99-E7EA4D3B5FEF}.Debug|Any CPU.Build.0 = Debug|Any CPU
		{C54406E3-511E-D587-3B99-E7EA4D3B5FEF}.Release|Any CPU.ActiveCfg = Release|Any CPU
		{C54406E3-511E-D587-3B99-E7EA4D3B5FEF}.Release|Any CPU.Build.0 = Release|Any CPU
		{F34A3BD4-EB9D-BECB-D5F8-259A2DF7AF6A}.Debug|Any CPU.ActiveCfg = Debug|Any CPU
		{F34A3BD4-EB9D-BECB-D5F8-259A2DF7AF6A}.Debug|Any CPU.Build.0 = Debug|Any CPU
		{F34A3BD4-EB9D-BECB-D5F8-259A2DF7AF6A}.Release|Any CPU.ActiveCfg = Release|Any CPU
		{F34A3BD4-EB9D-BECB-D5F8-259A2DF7AF6A}.Release|Any CPU.Build.0 = Release|Any CPU
	EndGlobalSection
	GlobalSection(SolutionProperties) = preSolution
		HideSolutionNode = FALSE
	EndGlobalSection
EndGlobal
